
Microsoft Visual Studio Solution File, Format Version 12.00
# Visual Studio Version 17
VisualStudioVersion = 17.2.32616.157
MinimumVisualStudioVersion = 10.0.40219.1
Project("{FAE04EC0-301F-11D3-BF4B-00C04F79EFBC}") = "AppClimaAPI.Android", "AppClimaAPI\AppClimaAPI.Android\AppClimaAPI.Android.csproj", "{8D4B35D3-C0F7-4DBC-AC45-280ED63B48B6}"
EndProject
Project("{FAE04EC0-301F-11D3-BF4B-00C04F79EFBC}") = "AppClimaAPI", "AppClimaAPI\AppClimaAPI\AppClimaAPI.csproj", "{BD3BEF46-9165-49DB-B0A4-5A24DFBA8D0C}"
EndProject
Global
	GlobalSection(SolutionConfigurationPlatforms) = preSolution
		Debug|Any CPU = Debug|Any CPU
		Release|Any CPU = Release|Any CPU
	EndGlobalSection
	GlobalSection(ProjectConfigurationPlatforms) = postSolution
		{8D4B35D3-C0F7-4DBC-AC45-280ED63B48B6}.Debug|Any CPU.ActiveCfg = Debug|Any CPU
		{8D4B35D3-C0F7-4DBC-AC45-280ED63B48B6}.Debug|Any CPU.Build.0 = Debug|Any CPU
		{8D4B35D3-C0F7-4DBC-AC45-280ED63B48B6}.Debug|Any CPU.Deploy.0 = Debug|Any CPU
		{8D4B35D3-C0F7-4DBC-AC45-280ED63B48B6}.Release|Any CPU.ActiveCfg = Release|Any CPU
		{8D4B35D3-C0F7-4DBC-AC45-280ED63B48B6}.Release|Any CPU.Build.0 = Release|Any CPU
		{8D4B35D3-C0F7-4DBC-AC45-280ED63B48B6}.Release|Any CPU.Deploy.0 = Release|Any CPU
		{BD3BEF46-9165-49DB-B0A4-5A24DFBA8D0C}.Debug|Any CPU.ActiveCfg = Debug|Any CPU
		{BD3BEF46-9165-49DB-B0A4-5A24DFBA8D0C}.Debug|Any CPU.Build.0 = Debug|Any CPU
		{BD3BEF46-9165-49DB-B0A4-5A24DFBA8D0C}.Debug|Any CPU.Deploy.0 = Debug|Any CPU
		{BD3BEF46-9165-49DB-B0A4-5A24DFBA8D0C}.Release|Any CPU.ActiveCfg = Release|Any CPU
		{BD3BEF46-9165-49DB-B0A4-5A24DFBA8D0C}.Release|Any CPU.Build.0 = Release|Any CPU
		{BD3BEF46-9165-49DB-B0A4-5A24DFBA8D0C}.Release|Any CPU.Deploy.0 = Release|Any CPU
	EndGlobalSection
	GlobalSection(SolutionProperties) = preSolution
		HideSolutionNode = FALSE
	EndGlobalSection
	GlobalSection(ExtensibilityGlobals) = postSolution
		SolutionGuid = {594891DA-FA2C-4011-8E79-DE1580D8FD61}
	EndGlobalSection
EndGlobal
